
Microsoft Visual Studio Solution File, Format Version 12.00
Project("{FAE04EC0-301F-11D3-BF4B-00C04F79EFBC}") = "Eterna", "Eterna\Eterna.csproj", "{09871DE1-282A-45A4-B2AC-9A747304C889}"
EndProject
Global
	GlobalSection(SolutionConfigurationPlatforms) = preSolution
		Debug|Any CPU = Debug|Any CPU
		Release|Any CPU = Release|Any CPU
	EndGlobalSection
	GlobalSection(ProjectConfigurationPlatforms) = postSolution
		{09871DE1-282A-45A4-B2AC-9A747304C889}.Debug|Any CPU.ActiveCfg = Debug|Any CPU
		{09871DE1-282A-45A4-B2AC-9A747304C889}.Debug|Any CPU.Build.0 = Debug|Any CPU
		{09871DE1-282A-45A4-B2AC-9A747304C889}.Release|Any CPU.ActiveCfg = Release|Any CPU
		{09871DE1-282A-45A4-B2AC-9A747304C889}.Release|Any CPU.Build.0 = Release|Any CPU
	EndGlobalSection
EndGlobal
